lockfileVersion: 5.3

specifiers:
  '@logseq/libs': ^0.0.1-alpha.34
  typescript: ^4.5.5
  vite: ^2.8.3

dependencies:
  '@logseq/libs': 0.0.1-alpha.34

devDependencies:
  typescript: 4.5.5
  vite: 2.8.3

packages:

  /@logseq/libs/0.0.1-alpha.34:
    resolution: {integrity: sha512-tYxWUgRDe+nsZYM55UXqHyoHoBJhkFNcDQtfyFRfdbvP41fOQUKuyo0Przi/CXVtuTFaPnQmmlatvUeCAUyf4A==}
    dependencies:
      csstype: 3.0.10
      debug: 4.3.3
      dompurify: 2.3.6
      eventemitter3: 4.0.7
      path: 0.12.7
      snake-case: 3.0.4
    transitivePeerDependencies:
      - supports-color
    dev: false

  /csstype/3.0.10:
    resolution: {integrity: sha512-2u44ZG2OcNUO9HDp/Jl8C07x6pU/eTR3ncV91SiK3dhG9TWvRVsCoJw14Ckx5DgWkzGA3waZWO3d7pgqpUI/XA==}
    dev: false

  /debug/4.3.3:
    resolution: {integrity: sha512-/zxw5+vh1Tfv+4Qn7a5nsbcJKPaSvCDhojn6FEl9vupwK2VCSDtEiEtqr8DFtzYFOdz63LBkxec7DYuc2jon6Q==}
    engines: {node: '>=6.0'}
    peerDependencies:
      supports-color: '*'
    peerDependenciesMeta:
      supports-color:
        optional: true
    dependencies:
      ms: 2.1.2
    dev: false

  /dompurify/2.3.6:
    resolution: {integrity: sha512-OFP2u/3T1R5CEgWCEONuJ1a5+MFKnOYpkywpUSxv/dj1LeBT1erK+JwM7zK0ROy2BRhqVCf0LRw/kHqKuMkVGg==}
    dev: false

  /dot-case/3.0.4:
    resolution: {integrity: sha512-Kv5nKlh6yRrdrGvxeJ2e5y2eRUpkUosIW4A2AS38zwSz27zu7ufDwQPi5Jhs3XAlGNetl3bmnGhQsMtkKJnj3w==}
    dependencies:
      no-case: 3.0.4
      tslib: 2.3.1
    dev: false

  /esbuild-android-arm64/0.14.22:
    resolution: {integrity: sha512-k1Uu4uC4UOFgrnTj2zuj75EswFSEBK+H6lT70/DdS4mTAOfs2ECv2I9ZYvr3w0WL0T4YItzJdK7fPNxcPw6YmQ==}
    engines: {node: '>=12'}
    cpu: [arm64]
    os: [android]
    requiresBuild: true
    dev: true
    optional: true

  /esbuild-darwin-64/0.14.22:
    resolution: {integrity: sha512-d8Ceuo6Vw6HM3fW218FB6jTY6O3r2WNcTAU0SGsBkXZ3k8SDoRLd3Nrc//EqzdgYnzDNMNtrWegK2Qsss4THhw==}
    engines: {node: '>=12'}
    cpu: [x64]
    os: [darwin]
    requiresBuild: true
    dev: true
    optional: true

  /esbuild-darwin-arm64/0.14.22:
    resolution: {integrity: sha512-YAt9Tj3SkIUkswuzHxkaNlT9+sg0xvzDvE75LlBo4DI++ogSgSmKNR6B4eUhU5EUUepVXcXdRIdqMq9ppeRqfw==}
    engines: {node: '>=12'}
    cpu: [arm64]
    os: [darwin]
    requiresBuild: true
    dev: true
    optional: true

  /esbuild-freebsd-64/0.14.22:
    resolution: {integrity: sha512-ek1HUv7fkXMy87Qm2G4IRohN+Qux4IcnrDBPZGXNN33KAL0pEJJzdTv0hB/42+DCYWylSrSKxk3KUXfqXOoH4A==}
    engines: {node: '>=12'}
    cpu: [x64]
    os: [freebsd]
    requiresBuild: true
    dev: true
    optional: true

  /esbuild-freebsd-arm64/0.14.22:
    resolution: {integrity: sha512-zPh9SzjRvr9FwsouNYTqgqFlsMIW07O8mNXulGeQx6O5ApgGUBZBgtzSlBQXkHi18WjrosYfsvp5nzOKiWzkjQ==}
    engines: {node: '>=12'}
    cpu: [arm64]
    os: [freebsd]
    requiresBuild: true
    dev: true
    optional: true

  /esbuild-linux-32/0.14.22:
    resolution: {integrity: sha512-SnpveoE4nzjb9t2hqCIzzTWBM0RzcCINDMBB67H6OXIuDa4KqFqaIgmTchNA9pJKOVLVIKd5FYxNiJStli21qg==}
    engines: {node: '>=12'}
    cpu: [ia32]
    os: [linux]
    requiresBuild: true
    dev: true
    optional: true

  /esbuild-linux-64/0.14.22:
    resolution: {integrity: sha512-Zcl9Wg7gKhOWWNqAjygyqzB+fJa19glgl2JG7GtuxHyL1uEnWlpSMytTLMqtfbmRykIHdab797IOZeKwk5g0zg==}
    engines: {node: '>=12'}
    cpu: [x64]
    os: [linux]
    requiresBuild: true
    dev: true
    optional: true

  /esbuild-linux-arm/0.14.22:
    resolution: {integrity: sha512-soPDdbpt/C0XvOOK45p4EFt8HbH5g+0uHs5nUKjHVExfgR7du734kEkXR/mE5zmjrlymk5AA79I0VIvj90WZ4g==}
    engines: {node: '>=12'}
    cpu: [arm]
    os: [linux]
    requiresBuild: true
    dev: true
    optional: true

  /esbuild-linux-arm64/0.14.22:
    resolution: {integrity: sha512-8q/FRBJtV5IHnQChO3LHh/Jf7KLrxJ/RCTGdBvlVZhBde+dk3/qS9fFsUy+rs3dEi49aAsyVitTwlKw1SUFm+A==}
    engines: {node: '>=12'}
    cpu: [arm64]
    os: [linux]
    requiresBuild: true
    dev: true
    optional: true

  /esbuild-linux-mips64le/0.14.22:
    resolution: {integrity: sha512-SiNDfuRXhGh1JQLLA9JPprBgPVFOsGuQ0yDfSPTNxztmVJd8W2mX++c4FfLpAwxuJe183mLuKf7qKCHQs5ZnBQ==}
    engines: {node: '>=12'}
    cpu: [mips64el]
    os: [linux]
    requiresBuild: true
    dev: true
    optional: true

  /esbuild-linux-ppc64le/0.14.22:
    resolution: {integrity: sha512-6t/GI9I+3o1EFm2AyN9+TsjdgWCpg2nwniEhjm2qJWtJyJ5VzTXGUU3alCO3evopu8G0hN2Bu1Jhz2YmZD0kng==}
    engines: {node: '>=12'}
    cpu: [ppc64]
    os: [linux]
    requiresBuild: true
    dev: true
    optional: true

  /esbuild-linux-riscv64/0.14.22:
    resolution: {integrity: sha512-AyJHipZKe88sc+tp5layovquw5cvz45QXw5SaDgAq2M911wLHiCvDtf/07oDx8eweCyzYzG5Y39Ih568amMTCQ==}
    engines: {node: '>=12'}
    cpu: [riscv64]
    os: [linux]
    requiresBuild: true
    dev: true
    optional: true

  /esbuild-linux-s390x/0.14.22:
    resolution: {integrity: sha512-Sz1NjZewTIXSblQDZWEFZYjOK6p8tV6hrshYdXZ0NHTjWE+lwxpOpWeElUGtEmiPcMT71FiuA9ODplqzzSxkzw==}
    engines: {node: '>=12'}
    cpu: [s390x]
    os: [linux]
    requiresBuild: true
    dev: true
    optional: true

  /esbuild-netbsd-64/0.14.22:
    resolution: {integrity: sha512-TBbCtx+k32xydImsHxvFgsOCuFqCTGIxhzRNbgSL1Z2CKhzxwT92kQMhxort9N/fZM2CkRCPPs5wzQSamtzEHA==}
    engines: {node: '>=12'}
    cpu: [x64]
    os: [netbsd]
    requiresBuild: true
    dev: true
    optional: true

  /esbuild-openbsd-64/0.14.22:
    resolution: {integrity: sha512-vK912As725haT313ANZZZN+0EysEEQXWC/+YE4rQvOQzLuxAQc2tjbzlAFREx3C8+uMuZj/q7E5gyVB7TzpcTA==}
    engines: {node: '>=12'}
    cpu: [x64]
    os: [openbsd]
    requiresBuild: true
    dev: true
    optional: true

  /esbuild-sunos-64/0.14.22:
    resolution: {integrity: sha512-/mbJdXTW7MTcsPhtfDsDyPEOju9EOABvCjeUU2OJ7fWpX/Em/H3WYDa86tzLUbcVg++BScQDzqV/7RYw5XNY0g==}
    engines: {node: '>=12'}
    cpu: [x64]
    os: [sunos]
    requiresBuild: true
    dev: true
    optional: true

  /esbuild-windows-32/0.14.22:
    resolution: {integrity: sha512-1vRIkuvPTjeSVK3diVrnMLSbkuE36jxA+8zGLUOrT4bb7E/JZvDRhvtbWXWaveUc/7LbhaNFhHNvfPuSw2QOQg==}
    engines: {node: '>=12'}
    cpu: [ia32]
    os: [win32]
    requiresBuild: true
    dev: true
    optional: true

  /esbuild-windows-64/0.14.22:
    resolution: {integrity: sha512-AxjIDcOmx17vr31C5hp20HIwz1MymtMjKqX4qL6whPj0dT9lwxPexmLj6G1CpR3vFhui6m75EnBEe4QL82SYqw==}
    engines: {node: '>=12'}
    cpu: [x64]
    os: [win32]
    requiresBuild: true
    dev: true
    optional: true

  /esbuild-windows-arm64/0.14.22:
    resolution: {integrity: sha512-5wvQ+39tHmRhNpu2Fx04l7QfeK3mQ9tKzDqqGR8n/4WUxsFxnVLfDRBGirIfk4AfWlxk60kqirlODPoT5LqMUg==}
    engines: {node: '>=12'}
    cpu: [arm64]
    os: [win32]
    requiresBuild: true
    dev: true
    optional: true

  /esbuild/0.14.22:
    resolution: {integrity: sha512-CjFCFGgYtbFOPrwZNJf7wsuzesx8kqwAffOlbYcFDLFuUtP8xloK1GH+Ai13Qr0RZQf9tE7LMTHJ2iVGJ1SKZA==}
    engines: {node: '>=12'}
    hasBin: true
    requiresBuild: true
    optionalDependencies:
      esbuild-android-arm64: 0.14.22
      esbuild-darwin-64: 0.14.22
      esbuild-darwin-arm64: 0.14.22
      esbuild-freebsd-64: 0.14.22
      esbuild-freebsd-arm64: 0.14.22
      esbuild-linux-32: 0.14.22
      esbuild-linux-64: 0.14.22
      esbuild-linux-arm: 0.14.22
      esbuild-linux-arm64: 0.14.22
      esbuild-linux-mips64le: 0.14.22
      esbuild-linux-ppc64le: 0.14.22
      esbuild-linux-riscv64: 0.14.22
      esbuild-linux-s390x: 0.14.22
      esbuild-netbsd-64: 0.14.22
      esbuild-openbsd-64: 0.14.22
      esbuild-sunos-64: 0.14.22
      esbuild-windows-32: 0.14.22
      esbuild-windows-64: 0.14.22
      esbuild-windows-arm64: 0.14.22
    dev: true

  /eventemitter3/4.0.7:
    resolution: {integrity: sha512-8guHBZCwKnFhYdHr2ysuRWErTwhoN2X8XELRlrRwpmfeY2jjuUN4taQMsULKUVo1K4DvZl+0pgfyoysHxvmvEw==}
    dev: false

  /fsevents/2.3.2:
    resolution: {integrity: sha512-xiqMQR4xAeHTuB9uWm+fFRcIOgKBMiOBP+eXiyT7jsgVCq1bkVygt00oASowB7EdtpOHaaPgKt812P9ab+DDKA==}
    engines: {node: ^8.16.0 || ^10.6.0 || >=11.0.0}
    os: [darwin]
    requiresBuild: true
    dev: true
    optional: true

  /function-bind/1.1.1:
    resolution: {integrity: sha512-yIovAzMX49sF8Yl58fSCWJ5svSLuaibPxXQJFLmBObTuCr0Mf1KiPopGM9NiFjiYBCbfaa2Fh6breQ6ANVTI0A==}
    dev: true

  /has/1.0.3:
    resolution: {integrity: sha512-f2dvO0VU6Oej7RkWJGrehjbzMAjFp5/VKPp5tTpWIV4JHHZK1/BxbFRtf/siA2SWTe09caDmVtYYzWEIbBS4zw==}
    engines: {node: '>= 0.4.0'}
    dependencies:
      function-bind: 1.1.1
    dev: true

  /inherits/2.0.3:
    resolution: {integrity: sha512-x00IRNXNy63jwGkJmzPigoySHbaqpNuzKbBOmzK+g2OdZpQ9w+sxCN+VSB3ja7IAge2OP2qpfxTjeNcyjmW1uw==}
    dev: false

  /is-core-module/2.8.1:
    resolution: {integrity: sha512-SdNCUs284hr40hFTFP6l0IfZ/RSrMXF3qgoRHd3/79unUTvrFO/JoXwkGm+5J/Oe3E/b5GsnG330uUNgRpu1PA==}
    dependencies:
      has: 1.0.3
    dev: true

  /lower-case/2.0.2:
    resolution: {integrity: sha512-7fm3l3NAF9WfN6W3JOmf5drwpVqX78JtoGJ3A6W0a6ZnldM41w2fV5D490psKFTpMds8TJse/eHLFFsNHHjHgg==}
    dependencies:
      tslib: 2.3.1
    dev: false

  /ms/2.1.2:
    resolution: {integrity: sha512-sGkPx+VjMtmA6MX27oA4FBFELFCZZ4S4XqeGOXCv68tT+jb3vk/RyaKWP0PTKyWtmLSM0b+adUTEvbs1PEaH2w==}
    dev: false

  /nanoid/3.3.1:
    resolution: {integrity: sha512-n6Vs/3KGyxPQd6uO0eH4Bv0ojGSUvuLlIHtC3Y0kEO23YRge8H9x1GCzLn28YX0H66pMkxuaeESFq4tKISKwdw==}
    engines: {node: ^10 || ^12 || ^13.7 || ^14 || >=15.0.1}
    hasBin: true
    dev: true

  /no-case/3.0.4:
    resolution: {integrity: sha512-fgAN3jGAh+RoxUGZHTSOLJIqUc2wmoBwGR4tbpNAKmmovFoWq0OdRkb0VkldReO2a2iBT/OEulG9XSUc10r3zg==}
    dependencies:
      lower-case: 2.0.2
      tslib: 2.3.1
    dev: false

  /path-parse/1.0.7:
    resolution: {integrity: sha512-LDJzPVEEEPR+y48z93A0Ed0yXb8pAByGWo/k5YYdYgpY2/2EsOsksJrq7lOHxryrVOn1ejG6oAp8ahvOIQD8sw==}
    dev: true

  /path/0.12.7:
    resolution: {integrity: sha512-aXXC6s+1w7otVF9UletFkFcDsJeO7lSZBPUQhtb5O0xJe8LtYhj/GxldoL09bBj9+ZmE2hNoHqQSFMN5fikh4Q==}
    dependencies:
      process: 0.11.10
      util: 0.10.4
    dev: false

  /picocolors/1.0.0:
    resolution: {integrity: sha512-1fygroTLlHu66zi26VoTDv8yRgm0Fccecssto+MhsZ0D/DGW2sm8E8AjW7NU5VVTRt5GxbeZ5qBuJr+HyLYkjQ==}
    dev: true

  /postcss/8.4.6:
    resolution: {integrity: sha512-OovjwIzs9Te46vlEx7+uXB0PLijpwjXGKXjVGGPIGubGpq7uh5Xgf6D6FiJ/SzJMBosHDp6a2hiXOS97iBXcaA==}
    engines: {node: ^10 || ^12 || >=14}
    dependencies:
      nanoid: 3.3.1
      picocolors: 1.0.0
      source-map-js: 1.0.2
    dev: true

  /process/0.11.10:
    resolution: {integrity: sha512-cdGef/drWFoydD1JsMzuFf8100nZl+GT+yacc2bEced5f9Rjk4z+WtFUTBu9PhOi9j/jfmBPu0mMEY4wIdAF8A==}
    engines: {node: '>= 0.6.0'}
    dev: false

  /resolve/1.22.0:
    resolution: {integrity: sha512-Hhtrw0nLeSrFQ7phPp4OOcVjLPIeMnRlr5mcnVuMe7M/7eBn98A3hmFRLoFo3DLZkivSYwhRUJTyPyWAk56WLw==}
    hasBin: true
    dependencies:
      is-core-module: 2.8.1
      path-parse: 1.0.7
      supports-preserve-symlinks-flag: 1.0.0
    dev: true

  /rollup/2.67.2:
    resolution: {integrity: sha512-hoEiBWwZtf1QdK3jZIq59L0FJj4Fiv4RplCO4pvCRC86qsoFurWB4hKQIjoRf3WvJmk5UZ9b0y5ton+62fC7Tw==}
    engines: {node: '>=10.0.0'}
    hasBin: true
    optionalDependencies:
      fsevents: 2.3.2
    dev: true

  /snake-case/3.0.4:
    resolution: {integrity: sha512-LAOh4z89bGQvl9pFfNF8V146i7o7/CqFPbqzYgP+yYzDIDeS9HaNFtXABamRW+AQzEVODcvE79ljJ+8a9YSdMg==}
    dependencies:
      dot-case: 3.0.4
      tslib: 2.3.1
    dev: false

  /source-map-js/1.0.2:
    resolution: {integrity: sha512-R0XvVJ9WusLiqTCEiGCmICCMplcCkIwwR11mOSD9CR5u+IXYdiseeEuXCVAjS54zqwkLcPNnmU4OeJ6tUrWhDw==}
    engines: {node: '>=0.10.0'}
    dev: true

  /supports-preserve-symlinks-flag/1.0.0:
    resolution: {integrity: sha512-ot0WnXS9fgdkgIcePe6RHNk1WA8+muPa6cSjeR3V8K27q9BB1rTE3R1p7Hv0z1ZyAc8s6Vvv8DIyWf681MAt0w==}
    engines: {node: '>= 0.4'}
    dev: true

  /tslib/2.3.1:
    resolution: {integrity: sha512-77EbyPPpMz+FRFRuAFlWMtmgUWGe9UOG2Z25NqCwiIjRhOf5iKGuzSe5P2w1laq+FkRy4p+PCuVkJSGkzTEKVw==}
    dev: false

  /typescript/4.5.5:
    resolution: {integrity: sha512-TCTIul70LyWe6IJWT8QSYeA54WQe8EjQFU4wY52Fasj5UKx88LNYKCgBEHcOMOrFF1rKGbD8v/xcNWVUq9SymA==}
    engines: {node: '>=4.2.0'}
    hasBin: true
    dev: true

  /util/0.10.4:
    resolution: {integrity: sha512-0Pm9hTQ3se5ll1XihRic3FDIku70C+iHUdT/W926rSgHV5QgXsYbKZN8MSC3tJtSkhuROzvsQjAaFENRXr+19A==}
    dependencies:
      inherits: 2.0.3
    dev: false

  /vite/2.8.3:
    resolution: {integrity: sha512-967klrEiG7HEsN7fQYYVETs5495Iu6GpI7YyxoO5yVTJCRxjV8HhWgNWKgrbazjoOB9DQuztL53/nUoNqHNsWg==}
    engines: {node: '>=12.2.0'}
    hasBin: true
    peerDependencies:
      less: '*'
      sass: '*'
      stylus: '*'
    peerDependenciesMeta:
      less:
        optional: true
      sass:
        optional: true
      stylus:
        optional: true
    dependencies:
      esbuild: 0.14.22
      postcss: 8.4.6
      resolve: 1.22.0
      rollup: 2.67.2
    optionalDependencies:
      fsevents: 2.3.2
    dev: true
